
Microsoft Visual Studio Solution File, Format Version 12.00
# Visual Studio 15
VisualStudioVersion = 15.0.28010.2041
MinimumVisualStudioVersion = 10.0.40219.1
Project("{FAE04EC0-301F-11D3-BF4B-00C04F79EFBC}") = "CPUuseges", "CPUuseges\CPUuseges.csproj", "{DDD93300-1CB5-4EA7-9F11-68746F1A70C6}"
EndProject
Global
	GlobalSection(SolutionConfigurationPlatforms) = preSolution
		Debug|Any CPU = Debug|Any CPU
		Release|Any CPU = Release|Any CPU
	EndGlobalSection
	GlobalSection(ProjectConfigurationPlatforms) = postSolution
		{DDD93300-1CB5-4EA7-9F11-68746F1A70C6}.Debug|Any CPU.ActiveCfg = Debug|Any CPU
		{DDD93300-1CB5-4EA7-9F11-68746F1A70C6}.Debug|Any CPU.Build.0 = Debug|Any CPU
		{DDD93300-1CB5-4EA7-9F11-68746F1A70C6}.Release|Any CPU.ActiveCfg = Release|Any CPU
		{DDD93300-1CB5-4EA7-9F11-68746F1A70C6}.Release|Any CPU.Build.0 = Release|Any CPU
	EndGlobalSection
	GlobalSection(SolutionProperties) = preSolution
		HideSolutionNode = FALSE
	EndGlobalSection
	GlobalSection(ExtensibilityGlobals) = postSolution
		SolutionGuid = {B0171F52-E61E-4BBC-B2AE-B8B9121DC05A}
	EndGlobalSection
EndGlobal
